[root]
name = "touch"
version = "0.1.0"
dependencies = [
 "clioptions 0.1.0 (registry+https://github.com/rust-lang/crates.io-index)",
 "filetime 0.1.10 (registry+https://github.com/rust-lang/crates.io-index)",
]

[[package]]
name = "clioptions"
version = "0.1.0"
source = "registry+https://github.com/rust-lang/crates.io-index"

[[package]]
name = "filetime"
version = "0.1.10"
source = "registry+https://github.com/rust-lang/crates.io-index"
dependencies = [
 "libc 0.2.18 (registry+https://github.com/rust-lang/crates.io-index)",
]

[[package]]
name = "libc"
version = "0.2.18"
source = "registry+https://github.com/rust-lang/crates.io-index"

[metadata]
"checksum clioptions 0.1.0 (registry+https://github.com/rust-lang/crates.io-index)" = "f5fd8e2ad4a0873b937bc7a249b4141c33ef9a50f93b1fc1c08844cd52b7b087"
"checksum filetime 0.1.10 (registry+https://github.com/rust-lang/crates.io-index)" = "5363ab8e4139b8568a6237db5248646e5a8a2f89bd5ccb02092182b11fd3e922"
"checksum libc 0.2.18 (registry+https://github.com/rust-lang/crates.io-index)" = "a51822fc847e7a8101514d1d44e354ba2ffa7d4c194dcab48870740e327cac70"
